// !$*UTF8*$!
{
	archiveVersion = 1;
	classes = {
	};
	objectVersion = 46;
	objects = {

/* Begin PBXBuildFile section */
		1E3314E61D3B87F1007CBBEE /* QuartzCore.framework in Frameworks */ = {isa = PBXBuildFile; fileRef = 1E3314E51D3B87F1007CBBEE /* QuartzCore.framework */; };
		1E45D97F1D3A218E0046F47A /* GraphView.m in Sources */ = {isa = PBXBuildFile; fileRef = 1E45D97E1D3A218E0046F47A /* GraphView.m */; };
		1EBCC33B1D37805500FF0C13 /* main.mm in Sources */ = {isa = PBXBuildFile; fileRef = 1EBCC33A1D37805500FF0C13 /* main.mm */; };
		1EBCC33E1D37805500FF0C13 /* AppDelegate.mm in Sources */ = {isa = PBXBuildFile; fileRef = 1EBCC33D1D37805500FF0C13 /* AppDelegate.mm */; };
		1EBCC3411D37805500FF0C13 /* ViewController.mm in Sources */ = {isa = PBXBuildFile; fileRef = 1EBCC3401D37805500FF0C13 /* ViewController.mm */; };
		1EBCC3441D37805500FF0C13 /* Main.storyboard in Resources */ = {isa = PBXBuildFile; fileRef = 1EBCC3421D37805500FF0C13 /* Main.storyboard */; };
		1EBCC3461D37805500FF0C13 /* Assets.xcassets in Resources */ = {isa = PBXBuildFile; fileRef = 1EBCC3451D37805500FF0C13 /* Assets.xcassets */; };
		1EBCC3491D37805500FF0C13 /* LaunchScreen.storyboard in Resources */ = {isa = PBXBuildFile; fileRef = 1EBCC3471D37805500FF0C13 /* LaunchScreen.storyboard */; };
		1EBCC3511D37821900FF0C13 /* UIKit.framework in Frameworks */ = {isa = PBXBuildFile; fileRef = 1EBCC3501D37821900FF0C13 /* UIKit.framework */; };
		1EBCC3531D37821F00FF0C13 /* Foundation.framework in Frameworks */ = {isa = PBXBuildFile; fileRef = 1EBCC3521D37821F00FF0C13 /* Foundation.framework */; };
		1EBCC3551D37822700FF0C13 /* OpenGLES.framework in Frameworks */ = {isa = PBXBuildFile; fileRef = 1EBCC3541D37822700FF0C13 /* OpenGLES.framework */; };
		1EBCC3571D37822C00FF0C13 /* AudioToolbox.framework in Frameworks */ = {isa = PBXBuildFile; fileRef = 1EBCC3561D37822C00FF0C13 /* AudioToolbox.framework */; };
		1EBCC3591D37823600FF0C13 /* MediaPlayer.framework in Frameworks */ = {isa = PBXBuildFile; fileRef = 1EBCC3581D37823600FF0C13 /* MediaPlayer.framework */; };
		1EBCC35B1D37823D00FF0C13 /* Accelerate.framework in Frameworks */ = {isa = PBXBuildFile; fileRef = 1EBCC35A1D37823D00FF0C13 /* Accelerate.framework */; };
		1EBCC35D1D37824500FF0C13 /* CoreGraphics.framework in Frameworks */ = {isa = PBXBuildFile; fileRef = 1EBCC35C1D37824500FF0C13 /* CoreGraphics.framework */; };
		1EBCC36D1D38A04700FF0C13 /* module_audio.mm in Sources */ = {isa = PBXBuildFile; fileRef = 1EBCC36B1D38A04700FF0C13 /* module_audio.mm */; };
		1EBCC3741D38C9F900FF0C13 /* FFTHelper.mm in Sources */ = {isa = PBXBuildFile; fileRef = 1EBCC3721D38C9F900FF0C13 /* FFTHelper.mm */; };
/* End PBXBuildFile section */

/* Begin PBXFileReference section */
		1E3314E51D3B87F1007CBBEE /* QuartzCore.framework */ = {isa = PBXFileReference; lastKnownFileType = wrapper.framework; name = QuartzCore.framework; path = System/Library/Frameworks/QuartzCore.framework; sourceTree = SDKROOT; };
		1E45D97D1D3A218E0046F47A /* GraphView.h */ = {isa = PBXFileReference; fileEncoding = 4; lastKnownFileType = sourcecode.c.h; path = GraphView.h; sourceTree = "<group>"; };
		1E45D97E1D3A218E0046F47A /* GraphView.m */ = {isa = PBXFileReference; fileEncoding = 4; lastKnownFileType = sourcecode.c.objc; path = GraphView.m; sourceTree = "<group>"; };
		1EBCC3361D37805500FF0C13 /* recognizer.app */ = {isa = PBXFileReference; explicitFileType = wrapper.application; includeInIndex = 0; path = recognizer.app; sourceTree = BUILT_PRODUCTS_DIR; };
		1EBCC33A1D37805500FF0C13 /* main.mm */ = {isa = PBXFileReference; lastKnownFileType = sourcecode.cpp.objcpp; path = main.mm; sourceTree = "<group>"; };
		1EBCC33C1D37805500FF0C13 /* AppDelegate.h */ = {isa = PBXFileReference; lastKnownFileType = sourcecode.c.h; path = AppDelegate.h; sourceTree = "<group>"; };
		1EBCC33D1D37805500FF0C13 /* AppDelegate.mm */ = {isa = PBXFileReference; lastKnownFileType = sourcecode.cpp.objcpp; path = AppDelegate.mm; sourceTree = "<group>"; };
		1EBCC33F1D37805500FF0C13 /* ViewController.h */ = {isa = PBXFileReference; lastKnownFileType = sourcecode.c.h; path = ViewController.h; sourceTree = "<group>"; };
		1EBCC3401D37805500FF0C13 /* ViewController.mm */ = {isa = PBXFileReference; lastKnownFileType = sourcecode.cpp.objcpp; path = ViewController.mm; sourceTree = "<group>"; };
		1EBCC3431D37805500FF0C13 /* Base */ = {isa = PBXFileReference; lastKnownFileType = file.storyboard; name = Base; path = Base.lproj/Main.storyboard; sourceTree = "<group>"; };
		1EBCC3451D37805500FF0C13 /* Assets.xcassets */ = {isa = PBXFileReference; lastKnownFileType = folder.assetcatalog; path = Assets.xcassets; sourceTree = "<group>"; };
		1EBCC3481D37805500FF0C13 /* Base */ = {isa = PBXFileReference; lastKnownFileType = file.storyboard; name = Base; path = Base.lproj/LaunchScreen.storyboard; sourceTree = "<group>"; };
		1EBCC34A1D37805500FF0C13 /* Info.plist */ = {isa = PBXFileReference; lastKnownFileType = text.plist.xml; path = Info.plist; sourceTree = "<group>"; };
		1EBCC3501D37821900FF0C13 /* UIKit.framework */ = {isa = PBXFileReference; lastKnownFileType = wrapper.framework; name = UIKit.framework; path = System/Library/Frameworks/UIKit.framework; sourceTree = SDKROOT; };
		1EBCC3521D37821F00FF0C13 /* Foundation.framework */ = {isa = PBXFileReference; lastKnownFileType = wrapper.framework; name = Foundation.framework; path = System/Library/Frameworks/Foundation.framework; sourceTree = SDKROOT; };
		1EBCC3541D37822700FF0C13 /* OpenGLES.framework */ = {isa = PBXFileReference; lastKnownFileType = wrapper.framework; name = OpenGLES.framework; path = System/Library/Frameworks/OpenGLES.framework; sourceTree = SDKROOT; };
		1EBCC3561D37822C00FF0C13 /* AudioToolbox.framework */ = {isa = PBXFileReference; lastKnownFileType = wrapper.framework; name = AudioToolbox.framework; path = System/Library/Frameworks/AudioToolbox.framework; sourceTree = SDKROOT; };
		1EBCC3581D37823600FF0C13 /* MediaPlayer.framework */ = {isa = PBXFileReference; lastKnownFileType = wrapper.framework; name = MediaPlayer.framework; path = System/Library/Frameworks/MediaPlayer.framework; sourceTree = SDKROOT; };
		1EBCC35A1D37823D00FF0C13 /* Accelerate.framework */ = {isa = PBXFileReference; lastKnownFileType = wrapper.framework; name = Accelerate.framework; path = System/Library/Frameworks/Accelerate.framework; sourceTree = SDKROOT; };
		1EBCC35C1D37824500FF0C13 /* CoreGraphics.framework */ = {isa = PBXFileReference; lastKnownFileType = wrapper.framework; name = CoreGraphics.framework; path = System/Library/Frameworks/CoreGraphics.framework; sourceTree = SDKROOT; };
		1EBCC3601D37841000FF0C13 /* module_info.h */ = {isa = PBXFileReference; lastKnownFileType = sourcecode.c.h; path = module_info.h; sourceTree = "<group>"; };
		1EBCC3611D3785B200FF0C13 /* module_audio.h */ = {isa = PBXFileReference; lastKnownFileType = sourcecode.c.h; path = module_audio.h; sourceTree = "<group>"; };
		1EBCC36B1D38A04700FF0C13 /* module_audio.mm */ = {isa = PBXFileReference; fileEncoding = 4; lastKnownFileType = sourcecode.cpp.objcpp; path = module_audio.mm; sourceTree = "<group>"; };
		1EBCC3721D38C9F900FF0C13 /* FFTHelper.mm */ = {isa = PBXFileReference; fileEncoding = 4; lastKnownFileType = sourcecode.cpp.objcpp; path = FFTHelper.mm; sourceTree = "<group>"; };
		1EBCC3731D38C9F900FF0C13 /* FFTHelper.h */ = {isa = PBXFileReference; fileEncoding = 4; lastKnownFileType = sourcecode.c.h; path = FFTHelper.h; sourceTree = "<group>"; };
		1EBCC3771D38DB6300FF0C13 /* recognizer-prefix.pch */ = {isa = PBXFileReference; lastKnownFileType = sourcecode.c.h; path = "recognizer-prefix.pch"; sourceTree = "<group>"; };
/* End PBXFileReference section */

/* Begin PBXFrameworksBuildPhase section */
		1EBCC3331D37805500FF0C13 /* Frameworks */ = {
			isa = PBXFrameworksBuildPhase;
			buildActionMask = 2147483647;
			files = (
				1E3314E61D3B87F1007CBBEE /* QuartzCore.framework in Frameworks */,
				1EBCC35D1D37824500FF0C13 /* CoreGraphics.framework in Frameworks */,
				1EBCC35B1D37823D00FF0C13 /* Accelerate.framework in Frameworks */,
				1EBCC3591D37823600FF0C13 /* MediaPlayer.framework in Frameworks */,
				1EBCC3571D37822C00FF0C13 /* AudioToolbox.framework in Frameworks */,
				1EBCC3551D37822700FF0C13 /* OpenGLES.framework in Frameworks */,
				1EBCC3531D37821F00FF0C13 /* Foundation.framework in Frameworks */,
				1EBCC3511D37821900FF0C13 /* UIKit.framework in Frameworks */,
			);
			runOnlyForDeploymentPostprocessing = 0;
		};
/* End PBXFrameworksBuildPhase section */

/* Begin PBXGroup section */
		1EBCC32D1D37805500FF0C13 = {
			isa = PBXGroup;
			children = (
				1E3314E51D3B87F1007CBBEE /* QuartzCore.framework */,
				1EBCC35E1D37827C00FF0C13 /* Framework */,
				1EBCC3381D37805500FF0C13 /* recognizer */,
				1EBCC3371D37805500FF0C13 /* Products */,
			);
			sourceTree = "<group>";
		};
		1EBCC3371D37805500FF0C13 /* Products */ = {
			isa = PBXGroup;
			children = (
				1EBCC3361D37805500FF0C13 /* recognizer.app */,
			);
			name = Products;
			sourceTree = "<group>";
		};
		1EBCC3381D37805500FF0C13 /* recognizer */ = {
			isa = PBXGroup;
			children = (
				1EBCC35F1D37828C00FF0C13 /* sound detect module */,
				1EBCC33C1D37805500FF0C13 /* AppDelegate.h */,
				1EBCC33D1D37805500FF0C13 /* AppDelegate.mm */,
				1EBCC33F1D37805500FF0C13 /* ViewController.h */,
				1EBCC3401D37805500FF0C13 /* ViewController.mm */,
				1EBCC3421D37805500FF0C13 /* Main.storyboard */,
				1EBCC3721D38C9F900FF0C13 /* FFTHelper.mm */,
				1EBCC3731D38C9F900FF0C13 /* FFTHelper.h */,
				1EBCC3451D37805500FF0C13 /* Assets.xcassets */,
				1EBCC3471D37805500FF0C13 /* LaunchScreen.storyboard */,
				1EBCC3391D37805500FF0C13 /* Supporting Files */,
				1E45D97D1D3A218E0046F47A /* GraphView.h */,
				1E45D97E1D3A218E0046F47A /* GraphView.m */,
			);
			path = recognizer;
			sourceTree = "<group>";
		};
		1EBCC3391D37805500FF0C13 /* Supporting Files */ = {
			isa = PBXGroup;
			children = (
				1EBCC34A1D37805500FF0C13 /* Info.plist */,
				1EBCC33A1D37805500FF0C13 /* main.mm */,
				1EBCC3771D38DB6300FF0C13 /* recognizer-prefix.pch */,
			);
			name = "Supporting Files";
			sourceTree = "<group>";
		};
		1EBCC35E1D37827C00FF0C13 /* Framework */ = {
			isa = PBXGroup;
			children = (
				1EBCC35C1D37824500FF0C13 /* CoreGraphics.framework */,
				1EBCC35A1D37823D00FF0C13 /* Accelerate.framework */,
				1EBCC3581D37823600FF0C13 /* MediaPlayer.framework */,
				1EBCC3561D37822C00FF0C13 /* AudioToolbox.framework */,
				1EBCC3541D37822700FF0C13 /* OpenGLES.framework */,
				1EBCC3521D37821F00FF0C13 /* Foundation.framework */,
				1EBCC3501D37821900FF0C13 /* UIKit.framework */,
			);
			name = Framework;
			sourceTree = "<group>";
		};
		1EBCC35F1D37828C00FF0C13 /* sound detect module */ = {
			isa = PBXGroup;
			children = (
				1EBCC3601D37841000FF0C13 /* module_info.h */,
				1EBCC3611D3785B200FF0C13 /* module_audio.h */,
				1EBCC36B1D38A04700FF0C13 /* module_audio.mm */,
			);
			name = "sound detect module";
			sourceTree = "<group>";
		};
/* End PBXGroup section */

/* Begin PBXNativeTarget section */
		1EBCC3351D37805500FF0C13 /* recognizer */ = {
			isa = PBXNativeTarget;
			buildConfigurationList = 1EBCC34D1D37805500FF0C13 /* Build configuration list for PBXNativeTarget "recognizer" */;
			buildPhases = (
				1EBCC3321D37805500FF0C13 /* Sources */,
				1EBCC3331D37805500FF0C13 /* Frameworks */,
				1EBCC3341D37805500FF0C13 /* Resources */,
			);
			buildRules = (
			);
			dependencies = (
			);
			name = recognizer;
			productName = recognizer;
			productReference = 1EBCC3361D37805500FF0C13 /* recognizer.app */;
			productType = "com.apple.product-type.application";
		};
/* End PBXNativeTarget section */

/* Begin PBXProject section */
		1EBCC32E1D37805500FF0C13 /* Project object */ = {
			isa = PBXProject;
			attributes = {
				LastUpgradeCheck = 0730;
				ORGANIZATIONNAME = "이승희";
				TargetAttributes = {
					1EBCC3351D37805500FF0C13 = {
						CreatedOnToolsVersion = 7.3.1;
					};
				};
			};
			buildConfigurationList = 1EBCC3311D37805500FF0C13 /* Build configuration list for PBXProject "recognizer" */;
			compatibilityVersion = "Xcode 3.2";
			developmentRegion = English;
			hasScannedForEncodings = 0;
			knownRegions = (
				en,
				Base,
			);
			mainGroup = 1EBCC32D1D37805500FF0C13;
			productRefGroup = 1EBCC3371D37805500FF0C13 /* Products */;
			projectDirPath = "";
			projectRoot = "";
			targets = (
				1EBCC3351D37805500FF0C13 /* recognizer */,
			);
		};
/* End PBXProject section */

/* Begin PBXResourcesBuildPhase section */
		1EBCC3341D37805500FF0C13 /* Resources */ = {
			isa = PBXResourcesBuildPhase;
			buildActionMask = 2147483647;
			files = (
				1EBCC3491D37805500FF0C13 /* LaunchScreen.storyboard in Resources */,
				1EBCC3461D37805500FF0C13 /* Assets.xcassets in Resources */,
				1EBCC3441D37805500FF0C13 /* Main.storyboard in Resources */,
			);
			runOnlyForDeploymentPostprocessing = 0;
		};
/* End PBXResourcesBuildPhase section */

/* Begin PBXSourcesBuildPhase section */
		1EBCC3321D37805500FF0C13 /* Sources */ = {
			isa = PBXSourcesBuildPhase;
			buildActionMask = 2147483647;
			files = (
				1EBCC36D1D38A04700FF0C13 /* module_audio.mm in Sources */,
				1EBCC3411D37805500FF0C13 /* ViewController.mm in Sources */,
				1EBCC33E1D37805500FF0C13 /* AppDelegate.mm in Sources */,
				1E45D97F1D3A218E0046F47A /* GraphView.m in Sources */,
				1EBCC3741D38C9F900FF0C13 /* FFTHelper.mm in Sources */,
				1EBCC33B1D37805500FF0C13 /* main.mm in Sources */,
			);
			runOnlyForDeploymentPostprocessing = 0;
		};
/* End PBXSourcesBuildPhase section */

/* Begin PBXVariantGroup section */
		1EBCC3421D37805500FF0C13 /* Main.storyboard */ = {
			isa = PBXVariantGroup;
			children = (
				1EBCC3431D37805500FF0C13 /* Base */,
			);
			name = Main.storyboard;
			sourceTree = "<group>";
		};
		1EBCC3471D37805500FF0C13 /* LaunchScreen.storyboard */ = {
			isa = PBXVariantGroup;
			children = (
				1EBCC3481D37805500FF0C13 /* Base */,
			);
			name = LaunchScreen.storyboard;
			sourceTree = "<group>";
		};
/* End PBXVariantGroup section */

/* Begin XCBuildConfiguration section */
		1EBCC34B1D37805500FF0C13 /* Debug */ = {
			isa = XCBuildConfiguration;
			buildSettings = {
				ALWAYS_SEARCH_USER_PATHS = NO;
				CLANG_ANALYZER_NONNULL = YES;
				CLANG_CXX_LANGUAGE_STANDARD = "gnu++0x";
				CLANG_CXX_LIBRARY = "libc++";
				CLANG_ENABLE_MODULES = YES;
				CLANG_ENABLE_OBJC_ARC = YES;
				CLANG_WARN_BOOL_CONVERSION = YES;
				CLANG_WARN_CONSTANT_CONVERSION = YES;
				CLANG_WARN_DIRECT_OBJC_ISA_USAGE = YES_ERROR;
				CLANG_WARN_EMPTY_BODY = YES;
				CLANG_WARN_ENUM_CONVERSION = YES;
				CLANG_WARN_INT_CONVERSION = YES;
				CLANG_WARN_OBJC_ROOT_CLASS = YES_ERROR;
				CLANG_WARN_UNREACHABLE_CODE = YES;
				CLANG_WARN__DUPLICATE_METHOD_MATCH = YES;
				"CODE_SIGN_IDENTITY[sdk=iphoneos*]" = "iPhone Developer";
				COPY_PHASE_STRIP = NO;
				DEBUG_INFORMATION_FORMAT = dwarf;
				ENABLE_STRICT_OBJC_MSGSEND = YES;
				ENABLE_TESTABILITY = YES;
				GCC_C_LANGUAGE_STANDARD = gnu99;
				GCC_DYNAMIC_NO_PIC = NO;
				GCC_NO_COMMON_BLOCKS = YES;
				GCC_OPTIMIZATION_LEVEL = 0;
				GCC_PREPROCESSOR_DEFINITIONS = (
					"DEBUG=1",
					"$(inherited)",
				);
				GCC_WARN_64_TO_32_BIT_CONVERSION = YES;
				GCC_WARN_ABOUT_RETURN_TYPE = YES_ERROR;
				GCC_WARN_UNDECLARED_SELECTOR = YES;
				GCC_WARN_UNINITIALIZED_AUTOS = YES_AGGRESSIVE;
				GCC_WARN_UNUSED_FUNCTION = YES;
				GCC_WARN_UNUSED_VARIABLE = YES;
				IPHONEOS_DEPLOYMENT_TARGET = 9.3;
				MTL_ENABLE_DEBUG_INFO = YES;
				ONLY_ACTIVE_ARCH = YES;
				SDKROOT = iphoneos;
			};
			name = Debug;
		};
		1EBCC34C1D37805500FF0C13 /* Release */ = {
			isa = XCBuildConfiguration;
			buildSettings = {
				ALWAYS_SEARCH_USER_PATHS = NO;
				CLANG_ANALYZER_NONNULL = YES;
				CLANG_CXX_LANGUAGE_STANDARD = "gnu++0x";
				CLANG_CXX_LIBRARY = "libc++";
				CLANG_ENABLE_MODULES = YES;
				CLANG_ENABLE_OBJC_ARC = YES;
				CLANG_WARN_BOOL_CONVERSION = YES;
				CLANG_WARN_CONSTANT_CONVERSION = YES;
				CLANG_WARN_DIRECT_OBJC_ISA_USAGE = YES_ERROR;
				CLANG_WARN_EMPTY_BODY = YES;
				CLANG_WARN_ENUM_CONVERSION = YES;
				CLANG_WARN_INT_CONVERSION = YES;
				CLANG_WARN_OBJC_ROOT_CLASS = YES_ERROR;
				CLANG_WARN_UNREACHABLE_CODE = YES;
				CLANG_WARN__DUPLICATE_METHOD_MATCH = YES;
				"CODE_SIGN_IDENTITY[sdk=iphoneos*]" = "iPhone Developer";
				COPY_PHASE_STRIP = NO;
				DEBUG_INFORMATION_FORMAT = "dwarf-with-dsym";
				ENABLE_NS_ASSERTIONS = NO;
				ENABLE_STRICT_OBJC_MSGSEND = YES;
				GCC_C_LANGUAGE_STANDARD = gnu99;
				GCC_NO_COMMON_BLOCKS = YES;
				GCC_WARN_64_TO_32_BIT_CONVERSION = YES;
				GCC_WARN_ABOUT_RETURN_TYPE = YES_ERROR;
				GCC_WARN_UNDECLARED_SELECTOR = YES;
				GCC_WARN_UNINITIALIZED_AUTOS = YES_AGGRESSIVE;
				GCC_WARN_UNUSED_FUNCTION = YES;
				GCC_WARN_UNUSED_VARIABLE = YES;
				IPHONEOS_DEPLOYMENT_TARGET = 9.3;
				MTL_ENABLE_DEBUG_INFO = NO;
				SDKROOT = iphoneos;
				VALIDATE_PRODUCT = YES;
			};
			name = Release;
		};
		1EBCC34E1D37805500FF0C13 /* Debug */ = {
			isa = XCBuildConfiguration;
			buildSettings = {
				ASSETCATALOG_COMPILER_APPICON_NAME = AppIcon;
				INFOPLIST_FILE = recognizer/Info.plist;
				LD_RUNPATH_SEARCH_PATHS = "$(inherited) @executable_path/Frameworks";
				PRODUCT_BUNDLE_IDENTIFIER = com.seung.recognizer;
				PRODUCT_NAME = "$(TARGET_NAME)";
			};
			name = Debug;
		};
		1EBCC34F1D37805500FF0C13 /* Release */ = {
			isa = XCBuildConfiguration;
			buildSettings = {
				ASSETCATALOG_COMPILER_APPICON_NAME = AppIcon;
				INFOPLIST_FILE = recognizer/Info.plist;
				LD_RUNPATH_SEARCH_PATHS = "$(inherited) @executable_path/Frameworks";
				PRODUCT_BUNDLE_IDENTIFIER = com.seung.recognizer;
				PRODUCT_NAME = "$(TARGET_NAME)";
			};
			name = Release;
		};
/* End XCBuildConfiguration section */

/* Begin XCConfigurationList section */
		1EBCC3311D37805500FF0C13 /* Build configuration list for PBXProject "recognizer" */ = {
			isa = XCConfigurationList;
			buildConfigurations = (
				1EBCC34B1D37805500FF0C13 /* Debug */,
				1EBCC34C1D37805500FF0C13 /* Release */,
			);
			defaultConfigurationIsVisible = 0;
			defaultConfigurationName = Release;
		};
		1EBCC34D1D37805500FF0C13 /* Build configuration list for PBXNativeTarget "recognizer" */ = {
			isa = XCConfigurationList;
			buildConfigurations = (
				1EBCC34E1D37805500FF0C13 /* Debug */,
				1EBCC34F1D37805500FF0C13 /* Release */,
			);
			defaultConfigurationIsVisible = 0;
			defaultConfigurationName = Release;
		};
/* End XCConfigurationList section */
	};
	rootObject = 1EBCC32E1D37805500FF0C13 /* Project object */;
}
